PODS:
  - Capacitor (5.7.5):
    - CapacitorCordova
  - CapacitorCordova (5.7.5)
  - CapacitorStatusBar (5.0.7):
    - Capacitor
  - CapgoCapacitorNavigationBar (6.0.12):
    - Capacitor

DEPENDENCIES:
  - "Capacitor (from `../../node_modules/.pnpm/@capacitor+ios@5.7.5_@capacitor+core@5.7.5/node_modules/@capacitor/ios`)"
  - "CapacitorCordova (from `../../node_modules/.pnpm/@capacitor+ios@5.7.5_@capacitor+core@5.7.5/node_modules/@capacitor/ios`)"
  - "CapacitorStatusBar (from `../../node_modules/.pnpm/@capacitor+status-bar@5.0.7_@capacitor+core@5.7.5/node_modules/@capacitor/status-bar`)"
  - "CapgoCapacitorNavigationBar (from `../../node_modules/.pnpm/@capgo+capacitor-navigation-bar@6.0.12_@capacitor+core@5.7.5/node_modules/@capgo/capacitor-navigation-bar`)"

EXTERNAL SOURCES:
  Capacitor:
    :path: "../../node_modules/.pnpm/@capacitor+ios@5.7.5_@capacitor+core@5.7.5/node_modules/@capacitor/ios"
  CapacitorCordova:
    :path: "../../node_modules/.pnpm/@capacitor+ios@5.7.5_@capacitor+core@5.7.5/node_modules/@capacitor/ios"
  CapacitorStatusBar:
    :path: "../../node_modules/.pnpm/@capacitor+status-bar@5.0.7_@capacitor+core@5.7.5/node_modules/@capacitor/status-bar"
  CapgoCapacitorNavigationBar:
    :path: "../../node_modules/.pnpm/@capgo+capacitor-navigation-bar@6.0.12_@capacitor+core@5.7.5/node_modules/@capgo/capacitor-navigation-bar"

SPEC CHECKSUMS:
  Capacitor: 7d42085cb786b2d3ea9ac8a17ebd7e3305be7b72
  CapacitorCordova: c946a6052b547e1e185fc46862003f7b9130ead1
  CapacitorStatusBar: f390fbb49b82ffb754ea4b3cf71dc8b048baf3e7
  CapgoCapacitorNavigationBar: c5675bf5f155844d450ce66b491595c6ae64238f

PODFILE CHECKSUM: f0119c54fe482901f5df557ab1add6d20257044b

COCOAPODS: 1.15.2
